
Microsoft Visual Studio Solution File, Format Version 12.00
# Visual Studio 14
VisualStudioVersion = 14.0.25420.1
MinimumVisualStudioVersion = 10.0.40219.1
Project("{DA7A21FA-8162-4350-AD77-A8D1B671F3ED}") = "Week1", "Week1\Week1.rxproj", "{DCAB33D0-1D8F-429D-B96D-6ED5818C6725}"
EndProject
Project("{DA7A21FA-8162-4350-AD77-A8D1B671F3ED}") = "Week2", "Week2\Week2.rxproj", "{34F2BC6E-A1E7-4F13-9FC6-FFB8D9957602}"
EndProject
Global
	GlobalSection(SolutionConfigurationPlatforms) = preSolution
		Debug|Any CPU = Debug|Any CPU
		Release|Any CPU = Release|Any CPU
	EndGlobalSection
	GlobalSection(ProjectConfigurationPlatforms) = postSolution
		{DCAB33D0-1D8F-429D-B96D-6ED5818C6725}.Debug|Any CPU.ActiveCfg = Debug|Any CPU
		{DCAB33D0-1D8F-429D-B96D-6ED5818C6725}.Debug|Any CPU.Build.0 = Debug|Any CPU
		{DCAB33D0-1D8F-429D-B96D-6ED5818C6725}.Release|Any CPU.ActiveCfg = Release|Any CPU
		{DCAB33D0-1D8F-429D-B96D-6ED5818C6725}.Release|Any CPU.Build.0 = Release|Any CPU
		{34F2BC6E-A1E7-4F13-9FC6-FFB8D9957602}.Debug|Any CPU.ActiveCfg = Debug|Any CPU
		{34F2BC6E-A1E7-4F13-9FC6-FFB8D9957602}.Debug|Any CPU.Build.0 = Debug|Any CPU
		{34F2BC6E-A1E7-4F13-9FC6-FFB8D9957602}.Release|Any CPU.ActiveCfg = Release|Any CPU
		{34F2BC6E-A1E7-4F13-9FC6-FFB8D9957602}.Release|Any CPU.Build.0 = Release|Any CPU
	EndGlobalSection
	GlobalSection(SolutionProperties) = preSolution
		HideSolutionNode = FALSE
	EndGlobalSection
EndGlobal
